
Microsoft Visual Studio Solution File, Format Version 12.00
# Visual Studio Version 17
VisualStudioVersion = 17.9.34616.47
MinimumVisualStudioVersion = 10.0.40219.1
Project("{FAE04EC0-301F-11D3-BF4B-00C04F79EFBC}") = "ToolsForms", "ToolsForms\ToolsForms.csproj", "{62CE63DC-25FB-4E23-B897-E58CB9DF9706}"
EndProject
Global
	GlobalSection(SolutionConfigurationPlatforms) = preSolution
		Debug|Any CPU = Debug|Any CPU
		Release|Any CPU = Release|Any CPU
	EndGlobalSection
	GlobalSection(ProjectConfigurationPlatforms) = postSolution
		{62CE63DC-25FB-4E23-B897-E58CB9DF9706}.Debug|Any CPU.ActiveCfg = Debug|Any CPU
		{62CE63DC-25FB-4E23-B897-E58CB9DF9706}.Debug|Any CPU.Build.0 = Debug|Any CPU
		{62CE63DC-25FB-4E23-B897-E58CB9DF9706}.Release|Any CPU.ActiveCfg = Release|Any CPU
		{62CE63DC-25FB-4E23-B897-E58CB9DF9706}.Release|Any CPU.Build.0 = Release|Any CPU
	EndGlobalSection
	GlobalSection(SolutionProperties) = preSolution
		HideSolutionNode = FALSE
	EndGlobalSection
	GlobalSection(ExtensibilityGlobals) = postSolution
		SolutionGuid = {172D8BF9-F3D1-4FD9-9A5D-6BEB2A0FBFB5}
	EndGlobalSection
EndGlobal
