
Microsoft Visual Studio Solution File, Format Version 12.00
# Visual Studio Version 17
VisualStudioVersion = 17.9.34616.47
MinimumVisualStudioVersion = 10.0.40219.1
Project("{FAE04EC0-301F-11D3-BF4B-00C04F79EFBC}") = "CheckBox", "CheckBox\CheckBox.csproj", "{3A139F92-6396-4B42-8B82-8DDBA8625067}"
EndProject
Global
	GlobalSection(SolutionConfigurationPlatforms) = preSolution
		Debug|Any CPU = Debug|Any CPU
		Release|Any CPU = Release|Any CPU
	EndGlobalSection
	GlobalSection(ProjectConfigurationPlatforms) = postSolution
		{3A139F92-6396-4B42-8B82-8DDBA8625067}.Debug|Any CPU.ActiveCfg = Debug|Any CPU
		{3A139F92-6396-4B42-8B82-8DDBA8625067}.Debug|Any CPU.Build.0 = Debug|Any CPU
		{3A139F92-6396-4B42-8B82-8DDBA8625067}.Release|Any CPU.ActiveCfg = Release|Any CPU
		{3A139F92-6396-4B42-8B82-8DDBA8625067}.Release|Any CPU.Build.0 = Release|Any CPU
	EndGlobalSection
	GlobalSection(SolutionProperties) = preSolution
		HideSolutionNode = FALSE
	EndGlobalSection
	GlobalSection(ExtensibilityGlobals) = postSolution
		SolutionGuid = {87678D11-3C86-4D3D-90C8-53DFF730F944}
	EndGlobalSection
EndGlobal
