
Microsoft Visual Studio Solution File, Format Version 12.00
# Visual Studio Version 17
VisualStudioVersion = 17.9.34616.47
MinimumVisualStudioVersion = 10.0.40219.1
Project("{FAE04EC0-301F-11D3-BF4B-00C04F79EFBC}") = "DataTimePicker", "DataTimePicker\DataTimePicker.csproj", "{320800D3-7998-48DC-8EAA-1E3A3C07F4B9}"
EndProject
Global
	GlobalSection(SolutionConfigurationPlatforms) = preSolution
		Debug|Any CPU = Debug|Any CPU
		Release|Any CPU = Release|Any CPU
	EndGlobalSection
	GlobalSection(ProjectConfigurationPlatforms) = postSolution
		{320800D3-7998-48DC-8EAA-1E3A3C07F4B9}.Debug|Any CPU.ActiveCfg = Debug|Any CPU
		{320800D3-7998-48DC-8EAA-1E3A3C07F4B9}.Debug|Any CPU.Build.0 = Debug|Any CPU
		{320800D3-7998-48DC-8EAA-1E3A3C07F4B9}.Release|Any CPU.ActiveCfg = Release|Any CPU
		{320800D3-7998-48DC-8EAA-1E3A3C07F4B9}.Release|Any CPU.Build.0 = Release|Any CPU
	EndGlobalSection
	GlobalSection(SolutionProperties) = preSolution
		HideSolutionNode = FALSE
	EndGlobalSection
	GlobalSection(ExtensibilityGlobals) = postSolution
		SolutionGuid = {DC3232A1-9454-4F97-8C8D-20E85BE7FCFF}
	EndGlobalSection
EndGlobal
